{
  "pins" : [
    {
      "identity" : "capacitor-swift-pm",
      "kind" : "remoteSourceControl",
      "location" : "https://github.com/ionic-team/capacitor-swift-pm.git",
      "state" : {
        "revision" : "abbe3387892339dbb29a0022a5d802ebb693ac72",
        "version" : "7.5.0"
      }
    }
  ],
  "version" : 2
}
